// !$*UTF8*$!
{
	archiveVersion = 1;
	classes = {
	};
	objectVersion = 46;
	objects = {

/* Begin PBXBuildFile section */
		064C5C5E181044A70070FBA9 /* Default-568h@2x.png in Resources */ = {isa = PBXBuildFile; fileRef = 064C5C4D181044A70070FBA9 /* Default-568h@2x.png */; };
		064C5C5F181044A70070FBA9 /* Default.png in Resources */ = {isa = PBXBuildFile; fileRef = 064C5C4E181044A70070FBA9 /* Default.png */; };
		064C5C60181044A70070FBA9 /* Icon-72.png in Resources */ = {isa = PBXBuildFile; fileRef = 064C5C4F181044A70070FBA9 /* Icon-72.png */; };
		064C5C61181044A70070FBA9 /* Icon-Small-50.png in Resources */ = {isa = PBXBuildFile; fileRef = 064C5C50181044A70070FBA9 /* Icon-Small-50.png */; };
		064C5C62181044A70070FBA9 /* Icon-Small.png in Resources */ = {isa = PBXBuildFile; fileRef = 064C5C51181044A70070FBA9 /* Icon-Small.png */; };
		064C5C63181044A70070FBA9 /* Icon-Small@2x.png in Resources */ = {isa = PBXBuildFile; fileRef = 064C5C52181044A70070FBA9 /* Icon-Small@2x.png */; };
		064C5C64181044A70070FBA9 /* Icon.png in Resources */ = {isa = PBXBuildFile; fileRef = 064C5C53181044A70070FBA9 /* Icon.png */; };
		064C5C65181044A70070FBA9 /* Icon@2x.png in Resources */ = {isa = PBXBuildFile; fileRef = 064C5C54181044A70070FBA9 /* Icon@2x.png */; };
		064C5C67181044A70070FBA9 /* iTunesArtwork in Resources */ = {isa = PBXBuildFile; fileRef = 064C5C56181044A70070FBA9 /* iTunesArtwork */; };
		064C5C68181044A70070FBA9 /* AppController.mm in Sources */ = {isa = PBXBuildFile; fileRef = 064C5C5A181044A70070FBA9 /* AppController.mm */; };
		064C5C69181044A70070FBA9 /* main.m in Sources */ = {isa = PBXBuildFile; fileRef = 064C5C5B181044A70070FBA9 /* main.m */; };
		064C5C6A181044A70070FBA9 /* RootViewController.mm in Sources */ = {isa = PBXBuildFile; fileRef = 064C5C5D181044A70070FBA9 /* RootViewController.mm */; };
		064C5C8C181061E10070FBA9 /* test_new_anim in Resources */ = {isa = PBXBuildFile; fileRef = 064C5C8B181061E10070FBA9 /* test_new_anim */; };
		064C5C911810623D0070FBA9 /* AppDelegate.cpp in Sources */ = {isa = PBXBuildFile; fileRef = 064C5C8D1810623D0070FBA9 /* AppDelegate.cpp */; };
		064C5C921810623D0070FBA9 /* CCHierarchiesSpriteFunctionalTestScene.cpp in Sources */ = {isa = PBXBuildFile; fileRef = 064C5C8F1810623D0070FBA9 /* CCHierarchiesSpriteFunctionalTestScene.cpp */; };
		064C5CB4181064820070FBA9 /* CCHierarchiesSprite.cpp in Sources */ = {isa = PBXBuildFile; fileRef = 064C5C9A181064820070FBA9 /* CCHierarchiesSprite.cpp */; };
		064C5CB5181064820070FBA9 /* CCHierarchiesSpriteAction.cpp in Sources */ = {isa = PBXBuildFile; fileRef = 064C5C9C181064820070FBA9 /* CCHierarchiesSpriteAction.cpp */; };
		064C5CB6181064820070FBA9 /* CCHierarchiesSpriteAnimation.cpp in Sources */ = {isa = PBXBuildFile; fileRef = 064C5C9E181064820070FBA9 /* CCHierarchiesSpriteAnimation.cpp */; };
		064C5CB7181064820070FBA9 /* CCHierarchiesSpriteAnimationCache.cpp in Sources */ = {isa = PBXBuildFile; fileRef = 064C5CA0181064820070FBA9 /* CCHierarchiesSpriteAnimationCache.cpp */; };
		064C5CB9181064820070FBA9 /* CCHierarchiesSpriteFilter.cpp in Sources */ = {isa = PBXBuildFile; fileRef = 064C5CA6181064820070FBA9 /* CCHierarchiesSpriteFilter.cpp */; };
		064C5CBA181064820070FBA9 /* CCHierarchiesSpriteGrabber.cpp in Sources */ = {isa = PBXBuildFile; fileRef = 064C5CA8181064820070FBA9 /* CCHierarchiesSpriteGrabber.cpp */; };
		064C5CBB181064820070FBA9 /* CCHierarchiesSpriteMesh.cpp in Sources */ = {isa = PBXBuildFile; fileRef = 064C5CAA181064820070FBA9 /* CCHierarchiesSpriteMesh.cpp */; };
		064C5CBC181064820070FBA9 /* CCHierarchiesSpriteRuntime.cpp in Sources */ = {isa = PBXBuildFile; fileRef = 064C5CAC181064820070FBA9 /* CCHierarchiesSpriteRuntime.cpp */; };
		064C5CBD181064820070FBA9 /* CCHierarchiesSpriteShader.cpp in Sources */ = {isa = PBXBuildFile; fileRef = 064C5CAE181064820070FBA9 /* CCHierarchiesSpriteShader.cpp */; };
		064C5CBE181064820070FBA9 /* CCHierarchiesSpriteSheet.cpp in Sources */ = {isa = PBXBuildFile; fileRef = 064C5CB0181064820070FBA9 /* CCHierarchiesSpriteSheet.cpp */; };
		064C5CBF181064820070FBA9 /* CCHierarchiesSpriteSheetCache.cpp in Sources */ = {isa = PBXBuildFile; fileRef = 064C5CB2181064820070FBA9 /* CCHierarchiesSpriteSheetCache.cpp */; };
		064C5CC9181067F40070FBA9 /* license.txt in Resources */ = {isa = PBXBuildFile; fileRef = 064C5CC3181067F40070FBA9 /* license.txt */; };
		064C5CCA181067F40070FBA9 /* manual.html in Resources */ = {isa = PBXBuildFile; fileRef = 064C5CC4181067F40070FBA9 /* manual.html */; };
		064C5CCD181069940070FBA9 /* libcocos2dx.a in Frameworks */ = {isa = PBXBuildFile; fileRef = 064C5C98181062850070FBA9 /* libcocos2dx.a */; };
		D46906111797CE1100CCAFD3 /* QuartzCore.framework in Frameworks */ = {isa = PBXBuildFile; fileRef = D477CA87178BE7AB00A0A776 /* QuartzCore.framework */; };
		D46906121797CE1100CCAFD3 /* OpenGLES.framework in Frameworks */ = {isa = PBXBuildFile; fileRef = D477CA89178BE7AB00A0A776 /* OpenGLES.framework */; };
		D46906131797CE1100CCAFD3 /* OpenAL.framework in Frameworks */ = {isa = PBXBuildFile; fileRef = D477CA8B178BE7AB00A0A776 /* OpenAL.framework */; };
		D46906141797CE1100CCAFD3 /* AudioToolbox.framework in Frameworks */ = {isa = PBXBuildFile; fileRef = D477CA8D178BE7AB00A0A776 /* AudioToolbox.framework */; };
		D46906151797CE1100CCAFD3 /* AVFoundation.framework in Frameworks */ = {isa = PBXBuildFile; fileRef = D477CA8F178BE7AB00A0A776 /* AVFoundation.framework */; };
		D46906161797CE1100CCAFD3 /* UIKit.framework in Frameworks */ = {isa = PBXBuildFile; fileRef = D477CA91178BE7AB00A0A776 /* UIKit.framework */; };
		D46906171797CE1100CCAFD3 /* Foundation.framework in Frameworks */ = {isa = PBXBuildFile; fileRef = D477CA93178BE7AB00A0A776 /* Foundation.framework */; };
		D46906181797CE1100CCAFD3 /* CoreGraphics.framework in Frameworks */ = {isa = PBXBuildFile; fileRef = D477CA95178BE7AB00A0A776 /* CoreGraphics.framework */; };
/* End PBXBuildFile section */

/* Begin PBXContainerItemProxy section */
		064C5C97181062850070FBA9 /* PBXContainerItemProxy */ = {
			isa = PBXContainerItemProxy;
			containerPortal = 064C5C93181062850070FBA9 /* cocos2dx.xcodeproj */;
			proxyType = 2;
			remoteGlobalIDString = 1551A33F158F2AB200E66CFE;
			remoteInfo = cocos2dx;
		};
		064C5CCB181069880070FBA9 /* PBXContainerItemProxy */ = {
			isa = PBXContainerItemProxy;
			containerPortal = 064C5C93181062850070FBA9 /* cocos2dx.xcodeproj */;
			proxyType = 1;
			remoteGlobalIDString = 1551A33E158F2AB200E66CFE;
			remoteInfo = cocos2dx;
		};
/* End PBXContainerItemProxy section */

/* Begin PBXFileReference section */
		064C5C4D181044A70070FBA9 /* Default-568h@2x.png */ = {isa = PBXFileReference; lastKnownFileType = image.png; path = "Default-568h@2x.png"; sourceTree = "<group>"; };
		064C5C4E181044A70070FBA9 /* Default.png */ = {isa = PBXFileReference; lastKnownFileType = image.png; path = Default.png; sourceTree = "<group>"; };
		064C5C4F181044A70070FBA9 /* Icon-72.png */ = {isa = PBXFileReference; lastKnownFileType = image.png; path = "Icon-72.png"; sourceTree = "<group>"; };
		064C5C50181044A70070FBA9 /* Icon-Small-50.png */ = {isa = PBXFileReference; lastKnownFileType = image.png; path = "Icon-Small-50.png"; sourceTree = "<group>"; };
		064C5C51181044A70070FBA9 /* Icon-Small.png */ = {isa = PBXFileReference; lastKnownFileType = image.png; path = "Icon-Small.png"; sourceTree = "<group>"; };
		064C5C52181044A70070FBA9 /* Icon-Small@2x.png */ = {isa = PBXFileReference; lastKnownFileType = image.png; path = "Icon-Small@2x.png"; sourceTree = "<group>"; };
		064C5C53181044A70070FBA9 /* Icon.png */ = {isa = PBXFileReference; lastKnownFileType = image.png; path = Icon.png; sourceTree = "<group>"; };
		064C5C54181044A70070FBA9 /* Icon@2x.png */ = {isa = PBXFileReference; lastKnownFileType = image.png; path = "Icon@2x.png"; sourceTree = "<group>"; };
		064C5C55181044A70070FBA9 /* Info.plist */ = {isa = PBXFileReference; fileEncoding = 4; lastKnownFileType = text.plist.xml; path = Info.plist; sourceTree = "<group>"; };
		064C5C56181044A70070FBA9 /* iTunesArtwork */ = {isa = PBXFileReference; lastKnownFileType = file; path = iTunesArtwork; sourceTree = "<group>"; };
		064C5C59181044A70070FBA9 /* AppController.h */ = {isa = PBXFileReference; fileEncoding = 4; lastKnownFileType = sourcecode.c.h; path = AppController.h; sourceTree = "<group>"; };
		064C5C5A181044A70070FBA9 /* AppController.mm */ = {isa = PBXFileReference; fileEncoding = 4; lastKnownFileType = sourcecode.cpp.objcpp; path = AppController.mm; sourceTree = "<group>"; };
		064C5C5B181044A70070FBA9 /* main.m */ = {isa = PBXFileReference; fileEncoding = 4; lastKnownFileType = sourcecode.c.objc; path = main.m; sourceTree = "<group>"; };
		064C5C5C181044A70070FBA9 /* RootViewController.h */ = {isa = PBXFileReference; fileEncoding = 4; lastKnownFileType = sourcecode.c.h; path = RootViewController.h; sourceTree = "<group>"; };
		064C5C5D181044A70070FBA9 /* RootViewController.mm */ = {isa = PBXFileReference; fileEncoding = 4; lastKnownFileType = sourcecode.cpp.objcpp; path = RootViewController.mm; sourceTree = "<group>"; };
		064C5C8B181061E10070FBA9 /* test_new_anim */ = {isa = PBXFileReference; lastKnownFileType = folder; name = test_new_anim; path = Resource/test_new_anim; sourceTree = "<group>"; };
		064C5C8D1810623D0070FBA9 /* AppDelegate.cpp */ = {isa = PBXFileReference; fileEncoding = 4; lastKnownFileType = sourcecode.cpp.cpp; path = AppDelegate.cpp; sourceTree = "<group>"; };
		064C5C8E1810623D0070FBA9 /* AppDelegate.h */ = {isa = PBXFileReference; fileEncoding = 4; lastKnownFileType = sourcecode.c.h; path = AppDelegate.h; sourceTree = "<group>"; };
		064C5C8F1810623D0070FBA9 /* CCHierarchiesSpriteFunctionalTestScene.cpp */ = {isa = PBXFileReference; fileEncoding = 4; lastKnownFileType = sourcecode.cpp.cpp; path = CCHierarchiesSpriteFunctionalTestScene.cpp; sourceTree = "<group>"; };
		064C5C901810623D0070FBA9 /* CCHierarchiesSpriteFunctionalTestScene.h */ = {isa = PBXFileReference; fileEncoding = 4; lastKnownFileType = sourcecode.c.h; path = CCHierarchiesSpriteFunctionalTestScene.h; sourceTree = "<group>"; };
		064C5C93181062850070FBA9 /* cocos2dx.xcodeproj */ = {isa = PBXFileReference; lastKnownFileType = "wrapper.pb-project"; name = cocos2dx.xcodeproj; path = "../../cocos2d-x/cocos2dx/proj.ios/cocos2dx.xcodeproj"; sourceTree = "<group>"; };
		064C5C9A181064820070FBA9 /* CCHierarchiesSprite.cpp */ = {isa = PBXFileReference; fileEncoding = 4; lastKnownFileType = sourcecode.cpp.cpp; path = CCHierarchiesSprite.cpp; sourceTree = "<group>"; };
		064C5C9B181064820070FBA9 /* CCHierarchiesSprite.h */ = {isa = PBXFileReference; fileEncoding = 4; lastKnownFileType = sourcecode.c.h; path = CCHierarchiesSprite.h; sourceTree = "<group>"; };
		064C5C9C181064820070FBA9 /* CCHierarchiesSpriteAction.cpp */ = {isa = PBXFileReference; fileEncoding = 4; lastKnownFileType = sourcecode.cpp.cpp; path = CCHierarchiesSpriteAction.cpp; sourceTree = "<group>"; };
		064C5C9D181064820070FBA9 /* CCHierarchiesSpriteAction.h */ = {isa = PBXFileReference; fileEncoding = 4; lastKnownFileType = sourcecode.c.h; path = CCHierarchiesSpriteAction.h; sourceTree = "<group>"; };
		064C5C9E181064820070FBA9 /* CCHierarchiesSpriteAnimation.cpp */ = {isa = PBXFileReference; fileEncoding = 4; lastKnownFileType = sourcecode.cpp.cpp; path = CCHierarchiesSpriteAnimation.cpp; sourceTree = "<group>"; };
		064C5C9F181064820070FBA9 /* CCHierarchiesSpriteAnimation.h */ = {isa = PBXFileReference; fileEncoding = 4; lastKnownFileType = sourcecode.c.h; path = CCHierarchiesSpriteAnimation.h; sourceTree = "<group>"; };
		064C5CA0181064820070FBA9 /* CCHierarchiesSpriteAnimationCache.cpp */ = {isa = PBXFileReference; fileEncoding = 4; lastKnownFileType = sourcecode.cpp.cpp; path = CCHierarchiesSpriteAnimationCache.cpp; sourceTree = "<group>"; };
		064C5CA1181064820070FBA9 /* CCHierarchiesSpriteAnimationCache.h */ = {isa = PBXFileReference; fileEncoding = 4; lastKnownFileType = sourcecode.c.h; path = CCHierarchiesSpriteAnimationCache.h; sourceTree = "<group>"; };
		064C5CA4181064820070FBA9 /* CCHierarchiesSpriteConfig.h */ = {isa = PBXFileReference; fileEncoding = 4; lastKnownFileType = sourcecode.c.h; path = CCHierarchiesSpriteConfig.h; sourceTree = "<group>"; };
		064C5CA5181064820070FBA9 /* CCHierarchiesSpriteEventDelegate.h */ = {isa = PBXFileReference; fileEncoding = 4; lastKnownFileType = sourcecode.c.h; path = CCHierarchiesSpriteEventDelegate.h; sourceTree = "<group>"; };
		064C5CA6181064820070FBA9 /* CCHierarchiesSpriteFilter.cpp */ = {isa = PBXFileReference; fileEncoding = 4; lastKnownFileType = sourcecode.cpp.cpp; path = CCHierarchiesSpriteFilter.cpp; sourceTree = "<group>"; };
		064C5CA7181064820070FBA9 /* CCHierarchiesSpriteFilter.h */ = {isa = PBXFileReference; fileEncoding = 4; lastKnownFileType = sourcecode.c.h; path = CCHierarchiesSpriteFilter.h; sourceTree = "<group>"; };
		064C5CA8181064820070FBA9 /* CCHierarchiesSpriteGrabber.cpp */ = {isa = PBXFileReference; fileEncoding = 4; lastKnownFileType = sourcecode.cpp.cpp; path = CCHierarchiesSpriteGrabber.cpp; sourceTree = "<group>"; };
		064C5CA9181064820070FBA9 /* CCHierarchiesSpriteGrabber.h */ = {isa = PBXFileReference; fileEncoding = 4; lastKnownFileType = sourcecode.c.h; path = CCHierarchiesSpriteGrabber.h; sourceTree = "<group>"; };
		064C5CAA181064820070FBA9 /* CCHierarchiesSpriteMesh.cpp */ = {isa = PBXFileReference; fileEncoding = 4; lastKnownFileType = sourcecode.cpp.cpp; path = CCHierarchiesSpriteMesh.cpp; sourceTree = "<group>"; };
		064C5CAB181064820070FBA9 /* CCHierarchiesSpriteMesh.h */ = {isa = PBXFileReference; fileEncoding = 4; lastKnownFileType = sourcecode.c.h; path = CCHierarchiesSpriteMesh.h; sourceTree = "<group>"; };
		064C5CAC181064820070FBA9 /* CCHierarchiesSpriteRuntime.cpp */ = {isa = PBXFileReference; fileEncoding = 4; lastKnownFileType = sourcecode.cpp.cpp; path = CCHierarchiesSpriteRuntime.cpp; sourceTree = "<group>"; };
		064C5CAD181064820070FBA9 /* CCHierarchiesSpriteRuntime.h */ = {isa = PBXFileReference; fileEncoding = 4; lastKnownFileType = sourcecode.c.h; path = CCHierarchiesSpriteRuntime.h; sourceTree = "<group>"; };
		064C5CAE181064820070FBA9 /* CCHierarchiesSpriteShader.cpp */ = {isa = PBXFileReference; fileEncoding = 4; lastKnownFileType = sourcecode.cpp.cpp; path = CCHierarchiesSpriteShader.cpp; sourceTree = "<group>"; };
		064C5CAF181064820070FBA9 /* CCHierarchiesSpriteShader.h */ = {isa = PBXFileReference; fileEncoding = 4; lastKnownFileType = sourcecode.c.h; path = CCHierarchiesSpriteShader.h; sourceTree = "<group>"; };
		064C5CB0181064820070FBA9 /* CCHierarchiesSpriteSheet.cpp */ = {isa = PBXFileReference; fileEncoding = 4; lastKnownFileType = sourcecode.cpp.cpp; path = CCHierarchiesSpriteSheet.cpp; sourceTree = "<group>"; };
		064C5CB1181064820070FBA9 /* CCHierarchiesSpriteSheet.h */ = {isa = PBXFileReference; fileEncoding = 4; lastKnownFileType = sourcecode.c.h; path = CCHierarchiesSpriteSheet.h; sourceTree = "<group>"; };
		064C5CB2181064820070FBA9 /* CCHierarchiesSpriteSheetCache.cpp */ = {isa = PBXFileReference; fileEncoding = 4; lastKnownFileType = sourcecode.cpp.cpp; path = CCHierarchiesSpriteSheetCache.cpp; sourceTree = "<group>"; };
		064C5CB3181064820070FBA9 /* CCHierarchiesSpriteSheetCache.h */ = {isa = PBXFileReference; fileEncoding = 4; lastKnownFileType = sourcecode.c.h; path = CCHierarchiesSpriteSheetCache.h; sourceTree = "<group>"; };
		064C5CC0181065C80070FBA9 /* Prefix.pch */ = {isa = PBXFileReference; fileEncoding = 4; lastKnownFileType = sourcecode.c.h; path = Prefix.pch; sourceTree = "<group>"; };
		064C5CC3181067F40070FBA9 /* license.txt */ = {isa = PBXFileReference; fileEncoding = 4; lastKnownFileType = text; path = license.txt; sourceTree = "<group>"; };
		064C5CC4181067F40070FBA9 /* manual.html */ = {isa = PBXFileReference; fileEncoding = 4; lastKnownFileType = text.html; path = manual.html; sourceTree = "<group>"; };
		064C5CC5181067F40070FBA9 /* rapidxml.hpp */ = {isa = PBXFileReference; fileEncoding = 4; lastKnownFileType = sourcecode.cpp.h; path = rapidxml.hpp; sourceTree = "<group>"; };
		064C5CC6181067F40070FBA9 /* rapidxml_iterators.hpp */ = {isa = PBXFileReference; fileEncoding = 4; lastKnownFileType = sourcecode.cpp.h; path = rapidxml_iterators.hpp; sourceTree = "<group>"; };
		064C5CC7181067F40070FBA9 /* rapidxml_print.hpp */ = {isa = PBXFileReference; fileEncoding = 4; lastKnownFileType = sourcecode.cpp.h; path = rapidxml_print.hpp; sourceTree = "<group>"; };
		064C5CC8181067F40070FBA9 /* rapidxml_utils.hpp */ = {isa = PBXFileReference; fileEncoding = 4; lastKnownFileType = sourcecode.cpp.h; path = rapidxml_utils.hpp; sourceTree = "<group>"; };
		064C5CCE18106C320070FBA9 /* libc++.dylib */ = {isa = PBXFileReference; lastKnownFileType = "compiled.mach-o.dylib"; name = "libc++.dylib"; path = "usr/lib/libc++.dylib"; sourceTree = SDKROOT; };
		064C5CD018106C500070FBA9 /* libstdc++.dylib */ = {isa = PBXFileReference; lastKnownFileType = "compiled.mach-o.dylib"; name = "libstdc++.dylib"; path = "usr/lib/libstdc++.dylib"; sourceTree = SDKROOT; };
		064C5CD518106DDB0070FBA9 /* CoreFoundation.framework */ = {isa = PBXFileReference; lastKnownFileType = wrapper.framework; name = CoreFoundation.framework; path = System/Library/Frameworks/CoreFoundation.framework; sourceTree = SDKROOT; };
		064C5CD718106E270070FBA9 /* libstdc++.6.0.9.dylib */ = {isa = PBXFileReference; lastKnownFileType = "compiled.mach-o.dylib"; name = "libstdc++.6.0.9.dylib"; path = "usr/lib/libstdc++.6.0.9.dylib"; sourceTree = SDKROOT; };
		064C5CD918106E470070FBA9 /* libstdc++.6.dylib */ = {isa = PBXFileReference; lastKnownFileType = "compiled.mach-o.dylib"; name = "libstdc++.6.dylib"; path = "usr/lib/libstdc++.6.dylib"; sourceTree = SDKROOT; };
		064C5CDB18106E5B0070FBA9 /* libc++abi.dylib */ = {isa = PBXFileReference; lastKnownFileType = "compiled.mach-o.dylib"; name = "libc++abi.dylib"; path = "usr/lib/libc++abi.dylib"; sourceTree = SDKROOT; };
		064C5CE1181070530070FBA9 /* libc++.1.dylib */ = {isa = PBXFileReference; lastKnownFileType = "compiled.mach-o.dylib"; name = "libc++.1.dylib"; path = "usr/lib/libc++.1.dylib"; sourceTree = SDKROOT; };
		D469062D1797CE1100CCAFD3 /* DemoTest.app */ = {isa = PBXFileReference; explicitFileType = wrapper.application; includeInIndex = 0; path = DemoTest.app; sourceTree = BUILT_PRODUCTS_DIR; };
		D477CA87178BE7AB00A0A776 /* QuartzCore.framework */ = {isa = PBXFileReference; lastKnownFileType = wrapper.framework; name = QuartzCore.framework; path = System/Library/Frameworks/QuartzCore.framework; sourceTree = SDKROOT; };
		D477CA89178BE7AB00A0A776 /* OpenGLES.framework */ = {isa = PBXFileReference; lastKnownFileType = wrapper.framework; name = OpenGLES.framework; path = System/Library/Frameworks/OpenGLES.framework; sourceTree = SDKROOT; };
		D477CA8B178BE7AB00A0A776 /* OpenAL.framework */ = {isa = PBXFileReference; lastKnownFileType = wrapper.framework; name = OpenAL.framework; path = System/Library/Frameworks/OpenAL.framework; sourceTree = SDKROOT; };
		D477CA8D178BE7AB00A0A776 /* AudioToolbox.framework */ = {isa = PBXFileReference; lastKnownFileType = wrapper.framework; name = AudioToolbox.framework; path = System/Library/Frameworks/AudioToolbox.framework; sourceTree = SDKROOT; };
		D477CA8F178BE7AB00A0A776 /* AVFoundation.framework */ = {isa = PBXFileReference; lastKnownFileType = wrapper.framework; name = AVFoundation.framework; path = System/Library/Frameworks/AVFoundation.framework; sourceTree = SDKROOT; };
		D477CA91178BE7AB00A0A776 /* UIKit.framework */ = {isa = PBXFileReference; lastKnownFileType = wrapper.framework; name = UIKit.framework; path = System/Library/Frameworks/UIKit.framework; sourceTree = SDKROOT; };
		D477CA93178BE7AB00A0A776 /* Foundation.framework */ = {isa = PBXFileReference; lastKnownFileType = wrapper.framework; name = Foundation.framework; path = System/Library/Frameworks/Foundation.framework; sourceTree = SDKROOT; };
		D477CA95178BE7AB00A0A776 /* CoreGraphics.framework */ = {isa = PBXFileReference; lastKnownFileType = wrapper.framework; name = CoreGraphics.framework; path = System/Library/Frameworks/CoreGraphics.framework; sourceTree = SDKROOT; };
/* End PBXFileReference section */

/* Begin PBXFrameworksBuildPhase section */
		D469060E1797CE1100CCAFD3 /* Frameworks */ = {
			isa = PBXFrameworksBuildPhase;
			buildActionMask = 2147483647;
			files = (
				D46906171797CE1100CCAFD3 /* Foundation.framework in Frameworks */,
				D46906111797CE1100CCAFD3 /* QuartzCore.framework in Frameworks */,
				D46906121797CE1100CCAFD3 /* OpenGLES.framework in Frameworks */,
				D46906131797CE1100CCAFD3 /* OpenAL.framework in Frameworks */,
				D46906141797CE1100CCAFD3 /* AudioToolbox.framework in Frameworks */,
				D46906151797CE1100CCAFD3 /* AVFoundation.framework in Frameworks */,
				D46906161797CE1100CCAFD3 /* UIKit.framework in Frameworks */,
				D46906181797CE1100CCAFD3 /* CoreGraphics.framework in Frameworks */,
				064C5CCD181069940070FBA9 /* libcocos2dx.a in Frameworks */,
			);
			runOnlyForDeploymentPostprocessing = 0;
		};
/* End PBXFrameworksBuildPhase section */

/* Begin PBXGroup section */
		064C5C4C181044A70070FBA9 /* res */ = {
			isa = PBXGroup;
			children = (
				064C5C4D181044A70070FBA9 /* Default-568h@2x.png */,
				064C5C4E181044A70070FBA9 /* Default.png */,
				064C5C4F181044A70070FBA9 /* Icon-72.png */,
				064C5C50181044A70070FBA9 /* Icon-Small-50.png */,
				064C5C51181044A70070FBA9 /* Icon-Small.png */,
				064C5C52181044A70070FBA9 /* Icon-Small@2x.png */,
				064C5C53181044A70070FBA9 /* Icon.png */,
				064C5C54181044A70070FBA9 /* Icon@2x.png */,
				064C5C55181044A70070FBA9 /* Info.plist */,
				064C5C56181044A70070FBA9 /* iTunesArtwork */,
			);
			path = res;
			sourceTree = "<group>";
		};
		064C5C58181044A70070FBA9 /* src */ = {
			isa = PBXGroup;
			children = (
				064C5CC0181065C80070FBA9 /* Prefix.pch */,
				064C5C59181044A70070FBA9 /* AppController.h */,
				064C5C5A181044A70070FBA9 /* AppController.mm */,
				064C5C5B181044A70070FBA9 /* main.m */,
				064C5C5C181044A70070FBA9 /* RootViewController.h */,
				064C5C5D181044A70070FBA9 /* RootViewController.mm */,
			);
			path = src;
			sourceTree = "<group>";
		};
		064C5C82181061940070FBA9 /* Source */ = {
			isa = PBXGroup;
			children = (
				064C5C99181064820070FBA9 /* CCHierarchiesSprite */,
				064C5C83181061940070FBA9 /* test */,
			);
			path = Source;
			sourceTree = "<group>";
		};
		064C5C83181061940070FBA9 /* test */ = {
			isa = PBXGroup;
			children = (
				064C5C8D1810623D0070FBA9 /* AppDelegate.cpp */,
				064C5C8E1810623D0070FBA9 /* AppDelegate.h */,
				064C5C8F1810623D0070FBA9 /* CCHierarchiesSpriteFunctionalTestScene.cpp */,
				064C5C901810623D0070FBA9 /* CCHierarchiesSpriteFunctionalTestScene.h */,
			);
			path = test;
			sourceTree = "<group>";
		};
		064C5C8A181061C40070FBA9 /* Resource */ = {
			isa = PBXGroup;
			children = (
				064C5C8B181061E10070FBA9 /* test_new_anim */,
			);
			name = Resource;
			sourceTree = "<group>";
		};
		064C5C94181062850070FBA9 /* Products */ = {
			isa = PBXGroup;
			children = (
				064C5C98181062850070FBA9 /* libcocos2dx.a */,
			);
			name = Products;
			sourceTree = "<group>";
		};
		064C5C99181064820070FBA9 /* CCHierarchiesSprite */ = {
			isa = PBXGroup;
			children = (
				064C5C9A181064820070FBA9 /* CCHierarchiesSprite.cpp */,
				064C5C9B181064820070FBA9 /* CCHierarchiesSprite.h */,
				064C5C9C181064820070FBA9 /* CCHierarchiesSpriteAction.cpp */,
				064C5C9D181064820070FBA9 /* CCHierarchiesSpriteAction.h */,
				064C5C9E181064820070FBA9 /* CCHierarchiesSpriteAnimation.cpp */,
				064C5C9F181064820070FBA9 /* CCHierarchiesSpriteAnimation.h */,
				064C5CA0181064820070FBA9 /* CCHierarchiesSpriteAnimationCache.cpp */,
				064C5CA1181064820070FBA9 /* CCHierarchiesSpriteAnimationCache.h */,
				064C5CA4181064820070FBA9 /* CCHierarchiesSpriteConfig.h */,
				064C5CA5181064820070FBA9 /* CCHierarchiesSpriteEventDelegate.h */,
				064C5CA6181064820070FBA9 /* CCHierarchiesSpriteFilter.cpp */,
				064C5CA7181064820070FBA9 /* CCHierarchiesSpriteFilter.h */,
				064C5CA8181064820070FBA9 /* CCHierarchiesSpriteGrabber.cpp */,
				064C5CA9181064820070FBA9 /* CCHierarchiesSpriteGrabber.h */,
				064C5CAA181064820070FBA9 /* CCHierarchiesSpriteMesh.cpp */,
				064C5CAB181064820070FBA9 /* CCHierarchiesSpriteMesh.h */,
				064C5CAC181064820070FBA9 /* CCHierarchiesSpriteRuntime.cpp */,
				064C5CAD181064820070FBA9 /* CCHierarchiesSpriteRuntime.h */,
				064C5CAE181064820070FBA9 /* CCHierarchiesSpriteShader.cpp */,
				064C5CAF181064820070FBA9 /* CCHierarchiesSpriteShader.h */,
				064C5CB0181064820070FBA9 /* CCHierarchiesSpriteSheet.cpp */,
				064C5CB1181064820070FBA9 /* CCHierarchiesSpriteSheet.h */,
				064C5CB2181064820070FBA9 /* CCHierarchiesSpriteSheetCache.cpp */,
				064C5CB3181064820070FBA9 /* CCHierarchiesSpriteSheetCache.h */,
			);
			name = CCHierarchiesSprite;
			path = ../../CCHierarchiesSprite;
			sourceTree = "<group>";
		};
		064C5CC1181067F40070FBA9 /* Libraries */ = {
			isa = PBXGroup;
			children = (
				064C5CC2181067F40070FBA9 /* rapidxml */,
			);
			path = Libraries;
			sourceTree = "<group>";
		};
		064C5CC2181067F40070FBA9 /* rapidxml */ = {
			isa = PBXGroup;
			children = (
				064C5CC3181067F40070FBA9 /* license.txt */,
				064C5CC4181067F40070FBA9 /* manual.html */,
				064C5CC5181067F40070FBA9 /* rapidxml.hpp */,
				064C5CC6181067F40070FBA9 /* rapidxml_iterators.hpp */,
				064C5CC7181067F40070FBA9 /* rapidxml_print.hpp */,
				064C5CC8181067F40070FBA9 /* rapidxml_utils.hpp */,
			);
			path = rapidxml;
			sourceTree = "<group>";
		};
		D477CA7B178BE7AB00A0A776 = {
			isa = PBXGroup;
			children = (
				064C5C93181062850070FBA9 /* cocos2dx.xcodeproj */,
				D477CA97178BE7AB00A0A776 /* CCHierarchiesSpriteXDemo */,
				064C5C4C181044A70070FBA9 /* res */,
				064C5C58181044A70070FBA9 /* src */,
				D477CA86178BE7AB00A0A776 /* Frameworks */,
				D477CA85178BE7AB00A0A776 /* Products */,
			);
			sourceTree = "<group>";
		};
		D477CA85178BE7AB00A0A776 /* Products */ = {
			isa = PBXGroup;
			children = (
				D469062D1797CE1100CCAFD3 /* DemoTest.app */,
			);
			name = Products;
			sourceTree = "<group>";
		};
		D477CA86178BE7AB00A0A776 /* Frameworks */ = {
			isa = PBXGroup;
			children = (
				064C5CE1181070530070FBA9 /* libc++.1.dylib */,
				064C5CDB18106E5B0070FBA9 /* libc++abi.dylib */,
				064C5CD918106E470070FBA9 /* libstdc++.6.dylib */,
				064C5CD718106E270070FBA9 /* libstdc++.6.0.9.dylib */,
				064C5CD518106DDB0070FBA9 /* CoreFoundation.framework */,
				064C5CD018106C500070FBA9 /* libstdc++.dylib */,
				064C5CCE18106C320070FBA9 /* libc++.dylib */,
				D477CA87178BE7AB00A0A776 /* QuartzCore.framework */,
				D477CA89178BE7AB00A0A776 /* OpenGLES.framework */,
				D477CA8B178BE7AB00A0A776 /* OpenAL.framework */,
				D477CA8D178BE7AB00A0A776 /* AudioToolbox.framework */,
				D477CA8F178BE7AB00A0A776 /* AVFoundation.framework */,
				D477CA91178BE7AB00A0A776 /* UIKit.framework */,
				D477CA93178BE7AB00A0A776 /* Foundation.framework */,
				D477CA95178BE7AB00A0A776 /* CoreGraphics.framework */,
			);
			name = Frameworks;
			sourceTree = "<group>";
		};
		D477CA97178BE7AB00A0A776 /* CCHierarchiesSpriteXDemo */ = {
			isa = PBXGroup;
			children = (
				064C5C82181061940070FBA9 /* Source */,
				064C5CC1181067F40070FBA9 /* Libraries */,
				064C5C8A181061C40070FBA9 /* Resource */,
			);
			name = CCHierarchiesSpriteXDemo;
			path = ..;
			sourceTree = "<group>";
		};
/* End PBXGroup section */

/* Begin PBXNativeTarget section */
		D46905AE1797CE1100CCAFD3 /* DemoTest */ = {
			isa = PBXNativeTarget;
			buildConfigurationList = D469062A1797CE1100CCAFD3 /* Build configuration list for PBXNativeTarget "DemoTest" */;
			buildPhases = (
				D469060E1797CE1100CCAFD3 /* Frameworks */,
				D46905B31797CE1100CCAFD3 /* Sources */,
				D469061C1797CE1100CCAFD3 /* Resources */,
			);
			buildRules = (
			);
			dependencies = (
				064C5CCC181069880070FBA9 /* PBXTargetDependency */,
			);
			name = DemoTest;
			productName = SZSG;
			productReference = D469062D1797CE1100CCAFD3 /* DemoTest.app */;
			productType = "com.apple.product-type.application";
		};
/* End PBXNativeTarget section */

/* Begin PBXProject section */
		D477CA7C178BE7AB00A0A776 /* Project object */ = {
			isa = PBXProject;
			attributes = {
				LastUpgradeCheck = 0500;
				TargetAttributes = {
					D46905AE1797CE1100CCAFD3 = {
						DevelopmentTeam = QHA2A5398L;
					};
				};
			};
			buildConfigurationList = D477CA7F178BE7AB00A0A776 /* Build configuration list for PBXProject "CCHierarchiesSpriteXDemo" */;
			compatibilityVersion = "Xcode 3.2";
			developmentRegion = English;
			hasScannedForEncodings = 0;
			knownRegions = (
				en,
			);
			mainGroup = D477CA7B178BE7AB00A0A776;
			productRefGroup = D477CA85178BE7AB00A0A776 /* Products */;
			projectDirPath = "";
			projectReferences = (
				{
					ProductGroup = 064C5C94181062850070FBA9 /* Products */;
					ProjectRef = 064C5C93181062850070FBA9 /* cocos2dx.xcodeproj */;
				},
			);
			projectRoot = "";
			targets = (
				D46905AE1797CE1100CCAFD3 /* DemoTest */,
			);
		};
/* End PBXProject section */

/* Begin PBXReferenceProxy section */
		064C5C98181062850070FBA9 /* libcocos2dx.a */ = {
			isa = PBXReferenceProxy;
			fileType = archive.ar;
			path = libcocos2dx.a;
			remoteRef = 064C5C97181062850070FBA9 /* PBXContainerItemProxy */;
			sourceTree = BUILT_PRODUCTS_DIR;
		};
/* End PBXReferenceProxy section */

/* Begin PBXResourcesBuildPhase section */
		D469061C1797CE1100CCAFD3 /* Resources */ = {
			isa = PBXResourcesBuildPhase;
			buildActionMask = 2147483647;
			files = (
				064C5CC9181067F40070FBA9 /* license.txt in Resources */,
				064C5C5E181044A70070FBA9 /* Default-568h@2x.png in Resources */,
				064C5C65181044A70070FBA9 /* Icon@2x.png in Resources */,
				064C5C67181044A70070FBA9 /* iTunesArtwork in Resources */,
				064C5C61181044A70070FBA9 /* Icon-Small-50.png in Resources */,
				064C5C5F181044A70070FBA9 /* Default.png in Resources */,
				064C5C63181044A70070FBA9 /* Icon-Small@2x.png in Resources */,
				064C5C8C181061E10070FBA9 /* test_new_anim in Resources */,
				064C5CCA181067F40070FBA9 /* manual.html in Resources */,
				064C5C62181044A70070FBA9 /* Icon-Small.png in Resources */,
				064C5C64181044A70070FBA9 /* Icon.png in Resources */,
				064C5C60181044A70070FBA9 /* Icon-72.png in Resources */,
			);
			runOnlyForDeploymentPostprocessing = 0;
		};
/* End PBXResourcesBuildPhase section */

/* Begin PBXSourcesBuildPhase section */
		D46905B31797CE1100CCAFD3 /* Sources */ = {
			isa = PBXSourcesBuildPhase;
			buildActionMask = 2147483647;
			files = (
				064C5CBB181064820070FBA9 /* CCHierarchiesSpriteMesh.cpp in Sources */,
				064C5C911810623D0070FBA9 /* AppDelegate.cpp in Sources */,
				064C5CB5181064820070FBA9 /* CCHierarchiesSpriteAction.cpp in Sources */,
				064C5CB6181064820070FBA9 /* CCHierarchiesSpriteAnimation.cpp in Sources */,
				064C5CBF181064820070FBA9 /* CCHierarchiesSpriteSheetCache.cpp in Sources */,
				064C5CB7181064820070FBA9 /* CCHierarchiesSpriteAnimationCache.cpp in Sources */,
				064C5C69181044A70070FBA9 /* main.m in Sources */,
				064C5CB9181064820070FBA9 /* CCHierarchiesSpriteFilter.cpp in Sources */,
				064C5C921810623D0070FBA9 /* CCHierarchiesSpriteFunctionalTestScene.cpp in Sources */,
				064C5CBA181064820070FBA9 /* CCHierarchiesSpriteGrabber.cpp in Sources */,
				064C5CBE181064820070FBA9 /* CCHierarchiesSpriteSheet.cpp in Sources */,
				064C5CBD181064820070FBA9 /* CCHierarchiesSpriteShader.cpp in Sources */,
				064C5C6A181044A70070FBA9 /* RootViewController.mm in Sources */,
				064C5CBC181064820070FBA9 /* CCHierarchiesSpriteRuntime.cpp in Sources */,
				064C5CB4181064820070FBA9 /* CCHierarchiesSprite.cpp in Sources */,
				064C5C68181044A70070FBA9 /* AppController.mm in Sources */,
			);
			runOnlyForDeploymentPostprocessing = 0;
		};
/* End PBXSourcesBuildPhase section */

/* Begin PBXTargetDependency section */
		064C5CCC181069880070FBA9 /* PBXTargetDependency */ = {
			isa = PBXTargetDependency;
			name = cocos2dx;
			targetProxy = 064C5CCB181069880070FBA9 /* PBXContainerItemProxy */;
		};
/* End PBXTargetDependency section */

/* Begin XCBuildConfiguration section */
		D469062B1797CE1100CCAFD3 /* Debug */ = {
			isa = XCBuildConfiguration;
			buildSettings = {
				ALWAYS_SEARCH_USER_PATHS = YES;
				CLANG_CXX_LANGUAGE_STANDARD = "c++0x";
				CLANG_CXX_LIBRARY = "libc++";
				CODE_SIGN_IDENTITY = "iPhone Developer";
				COMPRESS_PNG_FILES = NO;
				COPY_PHASE_STRIP = NO;
				GCC_DYNAMIC_NO_PIC = NO;
				GCC_PRECOMPILE_PREFIX_HEADER = YES;
				GCC_PREFIX_HEADER = src/Prefix.pch;
				GCC_PREPROCESSOR_DEFINITIONS = (
					DEBUG,
					"COCOS2D_DEBUG=1",
					USE_FILE32API,
					CC_TARGET_OS_IPHONE,
				);
				"GCC_THUMB_SUPPORT[arch=armv6]" = "";
				HEADER_SEARCH_PATHS = "$(inherited)";
				INFOPLIST_FILE = "$(SRCROOT)/res/Info.plist";
				IPHONEOS_DEPLOYMENT_TARGET = 5.0;
				LIBRARY_SEARCH_PATHS = "$(inherited)";
				LINK_WITH_STANDARD_LIBRARIES = YES;
				OTHER_LDFLAGS = (
					"-lxml2",
					"-lz",
					"-lsqlite3",
				);
				PRODUCT_NAME = DemoTest;
				USER_HEADER_SEARCH_PATHS = "$(SRCROOT)/../Source $(SRCROOT)/CCHierarchiesSpriteXDemo/src $(SRCROOT)/../Libraries $(SRCROOT)/../Libraries/rapidxml $(SRCROOT)/../../CCHierarchiesSprite";
				WRAPPER_EXTENSION = app;
			};
			name = Debug;
		};
		D469062C1797CE1100CCAFD3 /* Release */ = {
			isa = XCBuildConfiguration;
			buildSettings = {
				ALWAYS_SEARCH_USER_PATHS = YES;
				CLANG_CXX_LANGUAGE_STANDARD = "c++0x";
				CLANG_CXX_LIBRARY = "libc++";
				CODE_SIGN_IDENTITY = "iPhone Developer";
				COMPRESS_PNG_FILES = NO;
				COPY_PHASE_STRIP = YES;
				GCC_PRECOMPILE_PREFIX_HEADER = YES;
				GCC_PREFIX_HEADER = src/Prefix.pch;
				GCC_PREPROCESSOR_DEFINITIONS = (
					NDEBUG,
					USE_FILE32API,
					CC_TARGET_OS_IPHONE,
				);
				"GCC_THUMB_SUPPORT[arch=armv6]" = "";
				HEADER_SEARCH_PATHS = "$(inherited)";
				INFOPLIST_FILE = "$(SRCROOT)/res/Info.plist";
				IPHONEOS_DEPLOYMENT_TARGET = 5.0;
				LIBRARY_SEARCH_PATHS = "$(inherited)";
				LINK_WITH_STANDARD_LIBRARIES = YES;
				OTHER_LDFLAGS = (
					"-lxml2",
					"-lz",
					"-lsqlite3",
				);
				PRODUCT_NAME = DemoTest;
				USER_HEADER_SEARCH_PATHS = "$(SRCROOT)/../Source $(SRCROOT)/CCHierarchiesSpriteXDemo/src $(SRCROOT)/../Libraries $(SRCROOT)/../Libraries/rapidxml $(SRCROOT)/../../CCHierarchiesSprite";
				VALIDATE_PRODUCT = YES;
				WRAPPER_EXTENSION = app;
			};
			name = Release;
		};
		D477CE2F178BE7B000A0A776 /* Debug */ = {
			isa = XCBuildConfiguration;
			buildSettings = {
				CLANG_CXX_LANGUAGE_STANDARD = "c++0x";
				CLANG_CXX_LIBRARY = "libc++";
				"CODE_SIGN_IDENTITY[sdk=iphoneos*]" = "iPhone Developer";
				GCC_C_LANGUAGE_STANDARD = gnu99;
				GCC_OPTIMIZATION_LEVEL = 0;
				GCC_PREPROCESSOR_DEFINITIONS = (
					DEBUG,
					"COCOS2D_DEBUG=1",
					USE_FILE32API,
					CC_TARGET_OS_IPHONE,
					"CC_ENABLE_CHIPMUNK_INTEGRATION=1",
				);
				GCC_SYMBOLS_PRIVATE_EXTERN = NO;
				GCC_WARN_ABOUT_RETURN_TYPE = YES;
				GCC_WARN_UNUSED_VARIABLE = YES;
				HEADER_SEARCH_PATHS = (
					"$(SRCROOT)/../../cocos2d-x/cocos2dx",
					"$(SRCROOT)/../../cocos2d-x/cocos2dx/include",
					"$(SRCROOT)/../../cocos2d-x/cocos2dx/kazmath/include",
					"$(SRCROOT)/../../cocos2d-x/cocos2dx/platform/ios",
					"$(SRCROOT)/../../cocos2d-x/cocos2dx/platform/third_party/ios",
					"$(SRCROOT)/../../cocos2d-x/extensions",
				);
				IPHONEOS_DEPLOYMENT_TARGET = 5.0;
				ONLY_ACTIVE_ARCH = YES;
				SDKROOT = iphoneos;
				TARGETED_DEVICE_FAMILY = "1,2";
			};
			name = Debug;
		};
		D477CE30178BE7B000A0A776 /* Release */ = {
			isa = XCBuildConfiguration;
			buildSettings = {
				CLANG_CXX_LANGUAGE_STANDARD = "c++0x";
				CLANG_CXX_LIBRARY = "libc++";
				"CODE_SIGN_IDENTITY[sdk=iphoneos*]" = "iPhone Developer";
				GCC_C_LANGUAGE_STANDARD = gnu99;
				GCC_PREPROCESSOR_DEFINITIONS = (
					NDEBUG,
					USE_FILE32API,
					CC_TARGET_OS_IPHONE,
					"CC_ENABLE_CHIPMUNK_INTEGRATION=1",
				);
				GCC_WARN_ABOUT_RETURN_TYPE = YES;
				GCC_WARN_UNUSED_VARIABLE = YES;
				HEADER_SEARCH_PATHS = (
					"$(SRCROOT)/../../cocos2d-x/cocos2dx",
					"$(SRCROOT)/../../cocos2d-x/cocos2dx/include",
					"$(SRCROOT)/../../cocos2d-x/cocos2dx/kazmath/include",
					"$(SRCROOT)/../../cocos2d-x/cocos2dx/platform/ios",
					"$(SRCROOT)/../../cocos2d-x/cocos2dx/platform/third_party/ios",
					"$(SRCROOT)/../../cocos2d-x/extensions",
				);
				IPHONEOS_DEPLOYMENT_TARGET = 5.0;
				OTHER_CFLAGS = "-DNS_BLOCK_ASSERTIONS=1";
				SDKROOT = iphoneos;
				TARGETED_DEVICE_FAMILY = "1,2";
			};
			name = Release;
		};
/* End XCBuildConfiguration section */

/* Begin XCConfigurationList section */
		D469062A1797CE1100CCAFD3 /* Build configuration list for PBXNativeTarget "DemoTest" */ = {
			isa = XCConfigurationList;
			buildConfigurations = (
				D469062B1797CE1100CCAFD3 /* Debug */,
				D469062C1797CE1100CCAFD3 /* Release */,
			);
			defaultConfigurationIsVisible = 0;
			defaultConfigurationName = Release;
		};
		D477CA7F178BE7AB00A0A776 /* Build configuration list for PBXProject "CCHierarchiesSpriteXDemo" */ = {
			isa = XCConfigurationList;
			buildConfigurations = (
				D477CE2F178BE7B000A0A776 /* Debug */,
				D477CE30178BE7B000A0A776 /* Release */,
			);
			defaultConfigurationIsVisible = 0;
			defaultConfigurationName = Release;
		};
/* End XCConfigurationList section */
	};
	rootObject = D477CA7C178BE7AB00A0A776 /* Project object */;
}
